
Microsoft Visual Studio Solution File, Format Version 12.00
# Visual Studio Version 17
VisualStudioVersion = 17.3.32825.248
MinimumVisualStudioVersion = 10.0.40219.1
Project("{FAE04EC0-301F-11D3-BF4B-00C04F79EFBC}") = "FadakGym", "FadakGym\FadakGym.csproj", "{C14700A5-05E4-4DA4-85FC-EAB465719AA7}"
EndProject
Global
	GlobalSection(SolutionConfigurationPlatforms) = preSolution
		Debug|Any CPU = Debug|Any CPU
		Release|Any CPU = Release|Any CPU
	EndGlobalSection
	GlobalSection(ProjectConfigurationPlatforms) = postSolution
		{C14700A5-05E4-4DA4-85FC-EAB465719AA7}.Debug|Any CPU.ActiveCfg = Debug|Any CPU
		{C14700A5-05E4-4DA4-85FC-EAB465719AA7}.Debug|Any CPU.Build.0 = Debug|Any CPU
		{C14700A5-05E4-4DA4-85FC-EAB465719AA7}.Release|Any CPU.ActiveCfg = Release|Any CPU
		{C14700A5-05E4-4DA4-85FC-EAB465719AA7}.Release|Any CPU.Build.0 = Release|Any CPU
	EndGlobalSection
	GlobalSection(SolutionProperties) = preSolution
		HideSolutionNode = FALSE
	EndGlobalSection
	GlobalSection(ExtensibilityGlobals) = postSolution
		SolutionGuid = {139FD06E-7BCA-40B4-9536-222CC2F1F8A8}
	EndGlobalSection
EndGlobal
